{
  "name": "aniketparmar29",
  "lockfileVersion": 2,
  "requires": true,
  "packages": {
    "": {
      "dependencies": {
        "github-markdown-css": "^5.1.0"
      }
    },
    "node_modules/github-markdown-css": {
      "version": "5.1.0",
      "resolved": "https://registry.npmjs.org/github-markdown-css/-/github-markdown-css-5.1.0.tgz",
      "integrity": "sha512-QLtORwHHtUHhPMHu7i4GKfP6Vx5CWZn+NKQXe+cBhslY1HEt0CTEkP4d/vSROKV0iIJSpl4UtlQ16AD8C6lMug==",
      "funding": {
        "url": "https://github.com/sponsors/sindresorhus"
      }
    }
  },
  "dependencies": {
    "github-markdown-css": {
      "version": "5.1.0",
      "resolved": "https://registry.npmjs.org/github-markdown-css/-/github-markdown-css-5.1.0.tgz",
      "integrity": "sha512-QLtORwHHtUHhPMHu7i4GKfP6Vx5CWZn+NKQXe+cBhslY1HEt0CTEkP4d/vSROKV0iIJSpl4UtlQ16AD8C6lMug=="
    }
  }
}
